
Microsoft Visual Studio Solution File, Format Version 12.00
# Visual Studio Version 16
VisualStudioVersion = 16.0.30320.27
MinimumVisualStudioVersion = 10.0.40219.1
Project("{FAE04EC0-301F-11D3-BF4B-00C04F79EFBC}") = "Currency Apps", "Currency Apps\Currency Apps.csproj", "{C006A415-B274-4222-9B78-D0C2E8771EAC}"
EndProject
Global
	GlobalSection(SolutionConfigurationPlatforms) = preSolution
		Debug|Any CPU = Debug|Any CPU
		Release|Any CPU = Release|Any CPU
	EndGlobalSection
	GlobalSection(ProjectConfigurationPlatforms) = postSolution
		{C006A415-B274-4222-9B78-D0C2E8771EAC}.Debug|Any CPU.ActiveCfg = Debug|Any CPU
		{C006A415-B274-4222-9B78-D0C2E8771EAC}.Debug|Any CPU.Build.0 = Debug|Any CPU
		{C006A415-B274-4222-9B78-D0C2E8771EAC}.Release|Any CPU.ActiveCfg = Release|Any CPU
		{C006A415-B274-4222-9B78-D0C2E8771EAC}.Release|Any CPU.Build.0 = Release|Any CPU
	EndGlobalSection
	GlobalSection(SolutionProperties) = preSolution
		HideSolutionNode = FALSE
	EndGlobalSection
	GlobalSection(ExtensibilityGlobals) = postSolution
		SolutionGuid = {53E7CCFC-9100-48B7-B54F-74081DC18CD9}
	EndGlobalSection
EndGlobal
